// !$*UTF8*$!
{
	archiveVersion = 1;
	classes = {
	};
	objectVersion = 46;
	objects = {

/* Begin PBXBuildFile section */
		4D52946F1708F96A00F270C8 /* pfordelta.cpp in Sources */ = {isa = PBXBuildFile; fileRef = 4D52946D1708F96A00F270C8 /* pfordelta.cpp */; };
		4D7A9B8816E3956F00F28BB5 /* libz.dylib in Frameworks */ = {isa = PBXBuildFile; fileRef = 4D7A9B8716E3956F00F28BB5 /* libz.dylib */; };
		4D7A9B8B16E3A8B600F28BB5 /* Utility.cpp in Sources */ = {isa = PBXBuildFile; fileRef = 4D7A9B8916E3A8B600F28BB5 /* Utility.cpp */; };
		4D7DC8D416E2A7D6009536B3 /* main.cpp in Sources */ = {isa = PBXBuildFile; fileRef = 4D7DC8D316E2A7D6009536B3 /* main.cpp */; };
		4D7DC8D616E2A7D6009536B3 /* index.1 in CopyFiles */ = {isa = PBXBuildFile; fileRef = 4D7DC8D516E2A7D6009536B3 /* index.1 */; };
		4D7DC8DE16E2A7F9009536B3 /* urltable.cpp in Sources */ = {isa = PBXBuildFile; fileRef = 4D7DC8DC16E2A7F9009536B3 /* urltable.cpp */; };
		4D7DC8EB16E2BB6A009536B3 /* invertedTable.cpp in Sources */ = {isa = PBXBuildFile; fileRef = 4D7DC8E916E2BB6A009536B3 /* invertedTable.cpp */; };
		4DA0BC831708AE6D00090187 /* gzfile.cpp in Sources */ = {isa = PBXBuildFile; fileRef = 4DA0BC811708AE6C00090187 /* gzfile.cpp */; };
		4DA0BC861708AE8100090187 /* tmpindex.cpp in Sources */ = {isa = PBXBuildFile; fileRef = 4DA0BC841708AE8000090187 /* tmpindex.cpp */; };
		4DC625A916E2BD4A009E16FA /* lexiconTable.cpp in Sources */ = {isa = PBXBuildFile; fileRef = 4DC625A716E2BD4A009E16FA /* lexiconTable.cpp */; };
		4DC625AC16E2E290009E16FA /* parser.cpp in Sources */ = {isa = PBXBuildFile; fileRef = 4DC625AA16E2E290009E16FA /* parser.cpp */; };
		4DC625AF16E2EBB2009E16FA /* datasource.cpp in Sources */ = {isa = PBXBuildFile; fileRef = 4DC625AD16E2EBB2009E16FA /* datasource.cpp */; };
/* End PBXBuildFile section */

/* Begin PBXCopyFilesBuildPhase section */
		4D7DC8CE16E2A7D5009536B3 /* CopyFiles */ = {
			isa = PBXCopyFilesBuildPhase;
			buildActionMask = 2147483647;
			dstPath = /usr/share/man/man1/;
			dstSubfolderSpec = 0;
			files = (
				4D7DC8D616E2A7D6009536B3 /* index.1 in CopyFiles */,
			);
			runOnlyForDeploymentPostprocessing = 1;
		};
/* End PBXCopyFilesBuildPhase section */

/* Begin PBXFileReference section */
		4D52946D1708F96A00F270C8 /* pfordelta.cpp */ = {isa = PBXFileReference; fileEncoding = 4; lastKnownFileType = sourcecode.cpp.cpp; path = pfordelta.cpp; sourceTree = "<group>"; };
		4D52946E1708F96A00F270C8 /* pfordelta.h */ = {isa = PBXFileReference; fileEncoding = 4; lastKnownFileType = sourcecode.c.h; path = pfordelta.h; sourceTree = "<group>"; };
		4D7A9B8716E3956F00F28BB5 /* libz.dylib */ = {isa = PBXFileReference; lastKnownFileType = "compiled.mach-o.dylib"; name = libz.dylib; path = usr/lib/libz.dylib; sourceTree = SDKROOT; };
		4D7A9B8916E3A8B600F28BB5 /* Utility.cpp */ = {isa = PBXFileReference; fileEncoding = 4; lastKnownFileType = sourcecode.cpp.cpp; path = Utility.cpp; sourceTree = "<group>"; };
		4D7A9B8A16E3A8B600F28BB5 /* Utility.h */ = {isa = PBXFileReference; fileEncoding = 4; lastKnownFileType = sourcecode.c.h; path = Utility.h; sourceTree = "<group>"; };
		4D7DC8D016E2A7D6009536B3 /* index */ = {isa = PBXFileReference; explicitFileType = "compiled.mach-o.executable"; includeInIndex = 0; path = index; sourceTree = BUILT_PRODUCTS_DIR; };
		4D7DC8D316E2A7D6009536B3 /* main.cpp */ = {isa = PBXFileReference; lastKnownFileType = sourcecode.cpp.cpp; path = main.cpp; sourceTree = "<group>"; };
		4D7DC8D516E2A7D6009536B3 /* index.1 */ = {isa = PBXFileReference; lastKnownFileType = text.man; path = index.1; sourceTree = "<group>"; };
		4D7DC8DC16E2A7F9009536B3 /* urltable.cpp */ = {isa = PBXFileReference; fileEncoding = 4; lastKnownFileType = sourcecode.cpp.cpp; path = urltable.cpp; sourceTree = "<group>"; };
		4D7DC8DD16E2A7F9009536B3 /* urltable.h */ = {isa = PBXFileReference; fileEncoding = 4; lastKnownFileType = sourcecode.c.h; path = urltable.h; sourceTree = "<group>"; };
		4D7DC8E016E2AF1C009536B3 /* btree.h */ = {isa = PBXFileReference; fileEncoding = 4; lastKnownFileType = sourcecode.c.h; path = btree.h; sourceTree = "<group>"; };
		4D7DC8E116E2AF1C009536B3 /* btree_container.h */ = {isa = PBXFileReference; fileEncoding = 4; lastKnownFileType = sourcecode.c.h; path = btree_container.h; sourceTree = "<group>"; };
		4D7DC8E216E2AF1C009536B3 /* btree_map.h */ = {isa = PBXFileReference; fileEncoding = 4; lastKnownFileType = sourcecode.c.h; path = btree_map.h; sourceTree = "<group>"; };
		4D7DC8E316E2AF1C009536B3 /* btree_set.h */ = {isa = PBXFileReference; fileEncoding = 4; lastKnownFileType = sourcecode.c.h; path = btree_set.h; sourceTree = "<group>"; };
		4D7DC8E416E2AF1C009536B3 /* COPYING */ = {isa = PBXFileReference; fileEncoding = 4; lastKnownFileType = text; path = COPYING; sourceTree = "<group>"; };
		4D7DC8E516E2AF1C009536B3 /* README */ = {isa = PBXFileReference; fileEncoding = 4; lastKnownFileType = text; path = README; sourceTree = "<group>"; };
		4D7DC8E616E2AF1C009536B3 /* safe_btree.h */ = {isa = PBXFileReference; fileEncoding = 4; lastKnownFileType = sourcecode.c.h; path = safe_btree.h; sourceTree = "<group>"; };
		4D7DC8E716E2AF1C009536B3 /* safe_btree_map.h */ = {isa = PBXFileReference; fileEncoding = 4; lastKnownFileType = sourcecode.c.h; path = safe_btree_map.h; sourceTree = "<group>"; };
		4D7DC8E816E2AF1C009536B3 /* safe_btree_set.h */ = {isa = PBXFileReference; fileEncoding = 4; lastKnownFileType = sourcecode.c.h; path = safe_btree_set.h; sourceTree = "<group>"; };
		4D7DC8E916E2BB6A009536B3 /* invertedTable.cpp */ = {isa = PBXFileReference; fileEncoding = 4; lastKnownFileType = sourcecode.cpp.cpp; path = invertedTable.cpp; sourceTree = "<group>"; };
		4D7DC8EA16E2BB6A009536B3 /* invertedTable.h */ = {isa = PBXFileReference; fileEncoding = 4; lastKnownFileType = sourcecode.c.h; path = invertedTable.h; sourceTree = "<group>"; };
		4D8ACCAA16E81B0B00ED48BE /* GlobalConfig.h */ = {isa = PBXFileReference; lastKnownFileType = sourcecode.c.h; path = GlobalConfig.h; sourceTree = "<group>"; };
		4DA0BC811708AE6C00090187 /* gzfile.cpp */ = {isa = PBXFileReference; fileEncoding = 4; lastKnownFileType = sourcecode.cpp.cpp; path = gzfile.cpp; sourceTree = "<group>"; };
		4DA0BC821708AE6C00090187 /* gzfile.h */ = {isa = PBXFileReference; fileEncoding = 4; lastKnownFileType = sourcecode.c.h; path = gzfile.h; sourceTree = "<group>"; };
		4DA0BC841708AE8000090187 /* tmpindex.cpp */ = {isa = PBXFileReference; fileEncoding = 4; lastKnownFileType = sourcecode.cpp.cpp; path = tmpindex.cpp; sourceTree = "<group>"; };
		4DA0BC851708AE8100090187 /* tmpindex.h */ = {isa = PBXFileReference; fileEncoding = 4; lastKnownFileType = sourcecode.c.h; path = tmpindex.h; sourceTree = "<group>"; };
		4DC625A716E2BD4A009E16FA /* lexiconTable.cpp */ = {isa = PBXFileReference; fileEncoding = 4; lastKnownFileType = sourcecode.cpp.cpp; path = lexiconTable.cpp; sourceTree = "<group>"; };
		4DC625A816E2BD4A009E16FA /* lexiconTable.h */ = {isa = PBXFileReference; fileEncoding = 4; lastKnownFileType = sourcecode.c.h; path = lexiconTable.h; sourceTree = "<group>"; };
		4DC625AA16E2E290009E16FA /* parser.cpp */ = {isa = PBXFileReference; fileEncoding = 4; lastKnownFileType = sourcecode.cpp.cpp; path = parser.cpp; sourceTree = "<group>"; };
		4DC625AB16E2E290009E16FA /* parser.h */ = {isa = PBXFileReference; fileEncoding = 4; lastKnownFileType = sourcecode.c.h; path = parser.h; sourceTree = "<group>"; };
		4DC625AD16E2EBB2009E16FA /* datasource.cpp */ = {isa = PBXFileReference; fileEncoding = 4; lastKnownFileType = sourcecode.cpp.cpp; path = datasource.cpp; sourceTree = "<group>"; };
		4DC625AE16E2EBB2009E16FA /* datasource.h */ = {isa = PBXFileReference; fileEncoding = 4; lastKnownFileType = sourcecode.c.h; path = datasource.h; sourceTree = "<group>"; };
/* End PBXFileReference section */

/* Begin PBXFrameworksBuildPhase section */
		4D7DC8CD16E2A7D5009536B3 /* Frameworks */ = {
			isa = PBXFrameworksBuildPhase;
			buildActionMask = 2147483647;
			files = (
				4D7A9B8816E3956F00F28BB5 /* libz.dylib in Frameworks */,
			);
			runOnlyForDeploymentPostprocessing = 0;
		};
/* End PBXFrameworksBuildPhase section */

/* Begin PBXGroup section */
		4D7DC8C716E2A7D5009536B3 = {
			isa = PBXGroup;
			children = (
				4D7A9B8716E3956F00F28BB5 /* libz.dylib */,
				4D7DC8D216E2A7D6009536B3 /* index */,
				4D7DC8D116E2A7D6009536B3 /* Products */,
			);
			sourceTree = "<group>";
		};
		4D7DC8D116E2A7D6009536B3 /* Products */ = {
			isa = PBXGroup;
			children = (
				4D7DC8D016E2A7D6009536B3 /* index */,
			);
			name = Products;
			sourceTree = "<group>";
		};
		4D7DC8D216E2A7D6009536B3 /* index */ = {
			isa = PBXGroup;
			children = (
				4D7DC8DF16E2AF1C009536B3 /* btree */,
				4D8ACCAA16E81B0B00ED48BE /* GlobalConfig.h */,
				4D7DC8D316E2A7D6009536B3 /* main.cpp */,
				4DC625AD16E2EBB2009E16FA /* datasource.cpp */,
				4DC625AE16E2EBB2009E16FA /* datasource.h */,
				4D7DC8E916E2BB6A009536B3 /* invertedTable.cpp */,
				4D7DC8EA16E2BB6A009536B3 /* invertedTable.h */,
				4DC625A716E2BD4A009E16FA /* lexiconTable.cpp */,
				4DC625A816E2BD4A009E16FA /* lexiconTable.h */,
				4D7DC8DC16E2A7F9009536B3 /* urltable.cpp */,
				4D7DC8DD16E2A7F9009536B3 /* urltable.h */,
				4D7A9B8916E3A8B600F28BB5 /* Utility.cpp */,
				4D7A9B8A16E3A8B600F28BB5 /* Utility.h */,
				4DC625AA16E2E290009E16FA /* parser.cpp */,
				4DC625AB16E2E290009E16FA /* parser.h */,
				4D7DC8D516E2A7D6009536B3 /* index.1 */,
				4DA0BC811708AE6C00090187 /* gzfile.cpp */,
				4DA0BC821708AE6C00090187 /* gzfile.h */,
				4DA0BC841708AE8000090187 /* tmpindex.cpp */,
				4DA0BC851708AE8100090187 /* tmpindex.h */,
				4D52946D1708F96A00F270C8 /* pfordelta.cpp */,
				4D52946E1708F96A00F270C8 /* pfordelta.h */,
			);
			path = index;
			sourceTree = "<group>";
		};
		4D7DC8DF16E2AF1C009536B3 /* btree */ = {
			isa = PBXGroup;
			children = (
				4D7DC8E016E2AF1C009536B3 /* btree.h */,
				4D7DC8E116E2AF1C009536B3 /* btree_container.h */,
				4D7DC8E216E2AF1C009536B3 /* btree_map.h */,
				4D7DC8E316E2AF1C009536B3 /* btree_set.h */,
				4D7DC8E416E2AF1C009536B3 /* COPYING */,
				4D7DC8E516E2AF1C009536B3 /* README */,
				4D7DC8E616E2AF1C009536B3 /* safe_btree.h */,
				4D7DC8E716E2AF1C009536B3 /* safe_btree_map.h */,
				4D7DC8E816E2AF1C009536B3 /* safe_btree_set.h */,
			);
			path = btree;
			sourceTree = "<group>";
		};
/* End PBXGroup section */

/* Begin PBXNativeTarget section */
		4D7DC8CF16E2A7D5009536B3 /* index */ = {
			isa = PBXNativeTarget;
			buildConfigurationList = 4D7DC8D916E2A7D6009536B3 /* Build configuration list for PBXNativeTarget "index" */;
			buildPhases = (
				4D7DC8CC16E2A7D5009536B3 /* Sources */,
				4D7DC8CD16E2A7D5009536B3 /* Frameworks */,
				4D7DC8CE16E2A7D5009536B3 /* CopyFiles */,
			);
			buildRules = (
			);
			dependencies = (
			);
			name = index;
			productName = index;
			productReference = 4D7DC8D016E2A7D6009536B3 /* index */;
			productType = "com.apple.product-type.tool";
		};
/* End PBXNativeTarget section */

/* Begin PBXProject section */
		4D7DC8C816E2A7D5009536B3 /* Project object */ = {
			isa = PBXProject;
			attributes = {
				LastUpgradeCheck = 0460;
				ORGANIZATIONNAME = "Hanzhou Li";
			};
			buildConfigurationList = 4D7DC8CB16E2A7D5009536B3 /* Build configuration list for PBXProject "index" */;
			compatibilityVersion = "Xcode 3.2";
			developmentRegion = English;
			hasScannedForEncodings = 0;
			knownRegions = (
				en,
			);
			mainGroup = 4D7DC8C716E2A7D5009536B3;
			productRefGroup = 4D7DC8D116E2A7D6009536B3 /* Products */;
			projectDirPath = "";
			projectRoot = "";
			targets = (
				4D7DC8CF16E2A7D5009536B3 /* index */,
			);
		};
/* End PBXProject section */

/* Begin PBXSourcesBuildPhase section */
		4D7DC8CC16E2A7D5009536B3 /* Sources */ = {
			isa = PBXSourcesBuildPhase;
			buildActionMask = 2147483647;
			files = (
				4D7DC8D416E2A7D6009536B3 /* main.cpp in Sources */,
				4D7DC8DE16E2A7F9009536B3 /* urltable.cpp in Sources */,
				4D7DC8EB16E2BB6A009536B3 /* invertedTable.cpp in Sources */,
				4DC625A916E2BD4A009E16FA /* lexiconTable.cpp in Sources */,
				4DC625AC16E2E290009E16FA /* parser.cpp in Sources */,
				4DC625AF16E2EBB2009E16FA /* datasource.cpp in Sources */,
				4D7A9B8B16E3A8B600F28BB5 /* Utility.cpp in Sources */,
				4DA0BC831708AE6D00090187 /* gzfile.cpp in Sources */,
				4DA0BC861708AE8100090187 /* tmpindex.cpp in Sources */,
				4D52946F1708F96A00F270C8 /* pfordelta.cpp in Sources */,
			);
			runOnlyForDeploymentPostprocessing = 0;
		};
/* End PBXSourcesBuildPhase section */

/* Begin XCBuildConfiguration section */
		4D7DC8D716E2A7D6009536B3 /* Debug */ = {
			isa = XCBuildConfiguration;
			buildSettings = {
				ALWAYS_SEARCH_USER_PATHS = NO;
				ARCHS = "$(ARCHS_STANDARD_64_BIT)";
				CLANG_CXX_LANGUAGE_STANDARD = "gnu++0x";
				CLANG_CXX_LIBRARY = "libc++";
				CLANG_WARN_CONSTANT_CONVERSION = YES;
				CLANG_WARN_EMPTY_BODY = YES;
				CLANG_WARN_ENUM_CONVERSION = YES;
				CLANG_WARN_INT_CONVERSION = YES;
				CLANG_WARN__DUPLICATE_METHOD_MATCH = YES;
				COPY_PHASE_STRIP = NO;
				GCC_C_LANGUAGE_STANDARD = gnu99;
				GCC_DYNAMIC_NO_PIC = NO;
				GCC_ENABLE_OBJC_EXCEPTIONS = YES;
				GCC_OPTIMIZATION_LEVEL = 0;
				GCC_PREPROCESSOR_DEFINITIONS = (
					"DEBUG=1",
					"$(inherited)",
				);
				GCC_SYMBOLS_PRIVATE_EXTERN = NO;
				GCC_WARN_64_TO_32_BIT_CONVERSION = YES;
				GCC_WARN_ABOUT_RETURN_TYPE = YES;
				GCC_WARN_UNINITIALIZED_AUTOS = YES;
				GCC_WARN_UNUSED_VARIABLE = YES;
				MACOSX_DEPLOYMENT_TARGET = 10.8;
				ONLY_ACTIVE_ARCH = YES;
				SDKROOT = macosx;
			};
			name = Debug;
		};
		4D7DC8D816E2A7D6009536B3 /* Release */ = {
			isa = XCBuildConfiguration;
			buildSettings = {
				ALWAYS_SEARCH_USER_PATHS = NO;
				ARCHS = "$(ARCHS_STANDARD_64_BIT)";
				CLANG_CXX_LANGUAGE_STANDARD = "gnu++0x";
				CLANG_CXX_LIBRARY = "libc++";
				CLANG_WARN_CONSTANT_CONVERSION = YES;
				CLANG_WARN_EMPTY_BODY = YES;
				CLANG_WARN_ENUM_CONVERSION = YES;
				CLANG_WARN_INT_CONVERSION = YES;
				CLANG_WARN__DUPLICATE_METHOD_MATCH = YES;
				COPY_PHASE_STRIP = YES;
				DEBUG_INFORMATION_FORMAT = "dwarf-with-dsym";
				GCC_C_LANGUAGE_STANDARD = gnu99;
				GCC_ENABLE_OBJC_EXCEPTIONS = YES;
				GCC_WARN_64_TO_32_BIT_CONVERSION = YES;
				GCC_WARN_ABOUT_RETURN_TYPE = YES;
				GCC_WARN_UNINITIALIZED_AUTOS = YES;
				GCC_WARN_UNUSED_VARIABLE = YES;
				MACOSX_DEPLOYMENT_TARGET = 10.8;
				SDKROOT = macosx;
			};
			name = Release;
		};
		4D7DC8DA16E2A7D6009536B3 /* Debug */ = {
			isa = XCBuildConfiguration;
			buildSettings = {
				PRODUCT_NAME = "$(TARGET_NAME)";
			};
			name = Debug;
		};
		4D7DC8DB16E2A7D6009536B3 /* Release */ = {
			isa = XCBuildConfiguration;
			buildSettings = {
				PRODUCT_NAME = "$(TARGET_NAME)";
			};
			name = Release;
		};
/* End XCBuildConfiguration section */

/* Begin XCConfigurationList section */
		4D7DC8CB16E2A7D5009536B3 /* Build configuration list for PBXProject "index" */ = {
			isa = XCConfigurationList;
			buildConfigurations = (
				4D7DC8D716E2A7D6009536B3 /* Debug */,
				4D7DC8D816E2A7D6009536B3 /* Release */,
			);
			defaultConfigurationIsVisible = 0;
			defaultConfigurationName = Release;
		};
		4D7DC8D916E2A7D6009536B3 /* Build configuration list for PBXNativeTarget "index" */ = {
			isa = XCConfigurationList;
			buildConfigurations = (
				4D7DC8DA16E2A7D6009536B3 /* Debug */,
				4D7DC8DB16E2A7D6009536B3 /* Release */,
			);
			defaultConfigurationIsVisible = 0;
			defaultConfigurationName = Release;
		};
/* End XCConfigurationList section */
	};
	rootObject = 4D7DC8C816E2A7D5009536B3 /* Project object */;
}
